
Microsoft Visual Studio Solution File, Format Version 12.00
# Visual Studio Version 17
VisualStudioVersion = 17.11.35312.102
MinimumVisualStudioVersion = 10.0.40219.1
Project("{FAE04EC0-301F-11D3-BF4B-00C04F79EFBC}") = "ExamenP1", "ExamenP1\ExamenP1.csproj", "{4E4B2BA3-39FC-4B98-BADA-A0E42897C1E4}"
EndProject
Global
	GlobalSection(SolutionConfigurationPlatforms) = preSolution
		Debug|Any CPU = Debug|Any CPU
		Release|Any CPU = Release|Any CPU
	EndGlobalSection
	GlobalSection(ProjectConfigurationPlatforms) = postSolution
		{4E4B2BA3-39FC-4B98-BADA-A0E42897C1E4}.Debug|Any CPU.ActiveCfg = Debug|Any CPU
		{4E4B2BA3-39FC-4B98-BADA-A0E42897C1E4}.Debug|Any CPU.Build.0 = Debug|Any CPU
		{4E4B2BA3-39FC-4B98-BADA-A0E42897C1E4}.Release|Any CPU.ActiveCfg = Release|Any CPU
		{4E4B2BA3-39FC-4B98-BADA-A0E42897C1E4}.Release|Any CPU.Build.0 = Release|Any CPU
	EndGlobalSection
	GlobalSection(SolutionProperties) = preSolution
		HideSolutionNode = FALSE
	EndGlobalSection
	GlobalSection(ExtensibilityGlobals) = postSolution
		SolutionGuid = {A27B1D33-E91B-4391-9A65-F5116F511541}
	EndGlobalSection
EndGlobal
